
Microsoft Visual Studio Solution File, Format Version 12.00
# Visual Studio Version 16
VisualStudioVersion = 16.0.30804.86
MinimumVisualStudioVersion = 10.0.40219.1
Project("{FAE04EC0-301F-11D3-BF4B-00C04F79EFBC}") = "Showcase.API", "Showcase.API\Showcase.API.csproj", "{3E424463-55B6-45E5-9E5F-E29D8E568448}"
EndProject
Project("{FAE04EC0-301F-11D3-BF4B-00C04F79EFBC}") = "Showcase.Domain", "Showcase.Domain\Showcase.Domain.csproj", "{1A33C6FB-CBF0-4A5D-851B-2445B9D38A20}"
EndProject
Project("{FAE04EC0-301F-11D3-BF4B-00C04F79EFBC}") = "Showcase.DataAccess.Stub", "Showcase.DataAccess.Stub\Showcase.DataAccess.Stub.csproj", "{B1B1A19C-3764-4861-9EEE-FAF0BB22E6E7}"
EndProject
Project("{FAE04EC0-301F-11D3-BF4B-00C04F79EFBC}") = "Showcase.Application", "Showcase.Application\Showcase.Application.csproj", "{C9687B5B-9BEF-4F03-9D40-1C6C0B8068FD}"
EndProject
Project("{FAE04EC0-301F-11D3-BF4B-00C04F79EFBC}") = "Showcase.NUnitTests", "Showcase.NUnitTests\Showcase.NUnitTests.csproj", "{4200EB96-C8F1-4433-A081-6ED3447D1C21}"
EndProject
Global
	GlobalSection(SolutionConfigurationPlatforms) = preSolution
		Debug|Any CPU = Debug|Any CPU
		Release|Any CPU = Release|Any CPU
	EndGlobalSection
	GlobalSection(ProjectConfigurationPlatforms) = postSolution
		{3E424463-55B6-45E5-9E5F-E29D8E568448}.Debug|Any CPU.ActiveCfg = Debug|Any CPU
		{3E424463-55B6-45E5-9E5F-E29D8E568448}.Debug|Any CPU.Build.0 = Debug|Any CPU
		{3E424463-55B6-45E5-9E5F-E29D8E568448}.Release|Any CPU.ActiveCfg = Release|Any CPU
		{3E424463-55B6-45E5-9E5F-E29D8E568448}.Release|Any CPU.Build.0 = Release|Any CPU
		{1A33C6FB-CBF0-4A5D-851B-2445B9D38A20}.Debug|Any CPU.ActiveCfg = Debug|Any CPU
		{1A33C6FB-CBF0-4A5D-851B-2445B9D38A20}.Debug|Any CPU.Build.0 = Debug|Any CPU
		{1A33C6FB-CBF0-4A5D-851B-2445B9D38A20}.Release|Any CPU.ActiveCfg = Release|Any CPU
		{1A33C6FB-CBF0-4A5D-851B-2445B9D38A20}.Release|Any CPU.Build.0 = Release|Any CPU
		{B1B1A19C-3764-4861-9EEE-FAF0BB22E6E7}.Debug|Any CPU.ActiveCfg = Debug|Any CPU
		{B1B1A19C-3764-4861-9EEE-FAF0BB22E6E7}.Debug|Any CPU.Build.0 = Debug|Any CPU
		{B1B1A19C-3764-4861-9EEE-FAF0BB22E6E7}.Release|Any CPU.ActiveCfg = Release|Any CPU
		{B1B1A19C-3764-4861-9EEE-FAF0BB22E6E7}.Release|Any CPU.Build.0 = Release|Any CPU
		{C9687B5B-9BEF-4F03-9D40-1C6C0B8068FD}.Debug|Any CPU.ActiveCfg = Debug|Any CPU
		{C9687B5B-9BEF-4F03-9D40-1C6C0B8068FD}.Debug|Any CPU.Build.0 = Debug|Any CPU
		{C9687B5B-9BEF-4F03-9D40-1C6C0B8068FD}.Release|Any CPU.ActiveCfg = Release|Any CPU
		{C9687B5B-9BEF-4F03-9D40-1C6C0B8068FD}.Release|Any CPU.Build.0 = Release|Any CPU
		{4200EB96-C8F1-4433-A081-6ED3447D1C21}.Debug|Any CPU.ActiveCfg = Debug|Any CPU
		{4200EB96-C8F1-4433-A081-6ED3447D1C21}.Debug|Any CPU.Build.0 = Debug|Any CPU
		{4200EB96-C8F1-4433-A081-6ED3447D1C21}.Release|Any CPU.ActiveCfg = Release|Any CPU
		{4200EB96-C8F1-4433-A081-6ED3447D1C21}.Release|Any CPU.Build.0 = Release|Any CPU
	EndGlobalSection
	GlobalSection(SolutionProperties) = preSolution
		HideSolutionNode = FALSE
	EndGlobalSection
	GlobalSection(ExtensibilityGlobals) = postSolution
		SolutionGuid = {EA4F59F3-2D7C-4D07-BE6D-7480BD6C8F12}
	EndGlobalSection
EndGlobal
